
Microsoft Visual Studio Solution File, Format Version 12.00
# Visual Studio Version 17
VisualStudioVersion = 17.0.32014.148
MinimumVisualStudioVersion = 10.0.40219.1
Project("{FAE04EC0-301F-11D3-BF4B-00C04F79EFBC}") = "Xunit-moqing", "Xunit-moqing\Xunit-moqing.csproj", "{6120CCC8-3F73-44A2-A42B-9D9AD3BA45A9}"
EndProject
Project("{FAE04EC0-301F-11D3-BF4B-00C04F79EFBC}") = "xunit-moq-demo", "xunit-moq-demo\xunit-moq-demo.csproj", "{76763F2F-5C2E-43A5-B10A-63EB07DAD005}"
EndProject
Global
	GlobalSection(SolutionConfigurationPlatforms) = preSolution
		Debug|Any CPU = Debug|Any CPU
		Release|Any CPU = Release|Any CPU
	EndGlobalSection
	GlobalSection(ProjectConfigurationPlatforms) = postSolution
		{6120CCC8-3F73-44A2-A42B-9D9AD3BA45A9}.Debug|Any CPU.ActiveCfg = Debug|Any CPU
		{6120CCC8-3F73-44A2-A42B-9D9AD3BA45A9}.Debug|Any CPU.Build.0 = Debug|Any CPU
		{6120CCC8-3F73-44A2-A42B-9D9AD3BA45A9}.Release|Any CPU.ActiveCfg = Release|Any CPU
		{6120CCC8-3F73-44A2-A42B-9D9AD3BA45A9}.Release|Any CPU.Build.0 = Release|Any CPU
		{76763F2F-5C2E-43A5-B10A-63EB07DAD005}.Debug|Any CPU.ActiveCfg = Debug|Any CPU
		{76763F2F-5C2E-43A5-B10A-63EB07DAD005}.Debug|Any CPU.Build.0 = Debug|Any CPU
		{76763F2F-5C2E-43A5-B10A-63EB07DAD005}.Release|Any CPU.ActiveCfg = Release|Any CPU
		{76763F2F-5C2E-43A5-B10A-63EB07DAD005}.Release|Any CPU.Build.0 = Release|Any CPU
	EndGlobalSection
	GlobalSection(SolutionProperties) = preSolution
		HideSolutionNode = FALSE
	EndGlobalSection
	GlobalSection(ExtensibilityGlobals) = postSolution
		SolutionGuid = {3A784400-DEB7-443F-9D22-9E1CBAECBA78}
	EndGlobalSection
EndGlobal
